
Microsoft Visual Studio Solution File, Format Version 12.00
# Visual Studio Version 17
VisualStudioVersion = 17.5.002.0
MinimumVisualStudioVersion = 10.0.40219.1
Project("{9A19103F-16F7-4668-BE54-9A1E7A4F7556}") = "Bank", "Bank.csproj", "{9C9B4A91-B0B2-46F0-AF28-90EED4811260}"
EndProject
Global
	GlobalSection(SolutionConfigurationPlatforms) = preSolution
		Debug|Any CPU = Debug|Any CPU
		Release|Any CPU = Release|Any CPU
	EndGlobalSection
	GlobalSection(ProjectConfigurationPlatforms) = postSolution
		{9C9B4A91-B0B2-46F0-AF28-90EED4811260}.Debug|Any CPU.ActiveCfg = Debug|Any CPU
		{9C9B4A91-B0B2-46F0-AF28-90EED4811260}.Debug|Any CPU.Build.0 = Debug|Any CPU
		{9C9B4A91-B0B2-46F0-AF28-90EED4811260}.Release|Any CPU.ActiveCfg = Release|Any CPU
		{9C9B4A91-B0B2-46F0-AF28-90EED4811260}.Release|Any CPU.Build.0 = Release|Any CPU
	EndGlobalSection
	GlobalSection(SolutionProperties) = preSolution
		HideSolutionNode = FALSE
	EndGlobalSection
	GlobalSection(ExtensibilityGlobals) = postSolution
		SolutionGuid = {B56730E4-01D0-4BE5-B3D6-5B8E7D06A63D}
	EndGlobalSection
EndGlobal
